// !$*UTF8*$!
{
	archiveVersion = 1;
	classes = {
	};
	objectVersion = 77;
	objects = {

/* Begin PBXBuildFile section */
		B0DC98A92EC0FFCF0029AE57 /* FirebaseAI in Frameworks */ = {isa = PBXBuildFile; productRef = B0DC98A82EC0FFCF0029AE57 /* FirebaseAI */; };
		B0DC98AB2EC0FFCF0029AE57 /* FirebaseAILogic in Frameworks */ = {isa = PBXBuildFile; productRef = B0DC98AA2EC0FFCF0029AE57 /* FirebaseAILogic */; };
		B0DC98AD2EC0FFCF0029AE57 /* FirebaseAuth in Frameworks */ = {isa = PBXBuildFile; productRef = B0DC98AC2EC0FFCF0029AE57 /* FirebaseAuth */; };
		B0DC98AF2EC0FFD00029AE57 /* FirebaseFirestore in Frameworks */ = {isa = PBXBuildFile; productRef = B0DC98AE2EC0FFD00029AE57 /* FirebaseFirestore */; };
		B0DC98B12EC0FFD00029AE57 /* FirebaseMessaging in Frameworks */ = {isa = PBXBuildFile; productRef = B0DC98B02EC0FFD00029AE57 /* FirebaseMessaging */; };
		B0DC98B32EC0FFD00029AE57 /* FirebaseStorage in Frameworks */ = {isa = PBXBuildFile; productRef = B0DC98B22EC0FFD00029AE57 /* FirebaseStorage */; };
		B0DC99052EC110D10029AE57 /* FirebaseAnalytics in Frameworks */ = {isa = PBXBuildFile; productRef = B0DC99042EC110D10029AE57 /* FirebaseAnalytics */; };
		B0DC99072EC110D10029AE57 /* FirebaseAnalyticsCore in Frameworks */ = {isa = PBXBuildFile; productRef = B0DC99062EC110D10029AE57 /* FirebaseAnalyticsCore */; };
		B0DC99092EC110D10029AE57 /* FirebaseAnalyticsIdentitySupport in Frameworks */ = {isa = PBXBuildFile; productRef = B0DC99082EC110D10029AE57 /* FirebaseAnalyticsIdentitySupport */; };
		B0DC990B2EC110D10029AE57 /* FirebaseCore in Frameworks */ = {isa = PBXBuildFile; productRef = B0DC990A2EC110D10029AE57 /* FirebaseCore */; };
		B0DC990D2EC110D10029AE57 /* FirebaseDatabase in Frameworks */ = {isa = PBXBuildFile; productRef = B0DC990C2EC110D10029AE57 /* FirebaseDatabase */; };
		B0DC990F2EC110D10029AE57 /* FirebaseFunctions in Frameworks */ = {isa = PBXBuildFile; productRef = B0DC990E2EC110D10029AE57 /* FirebaseFunctions */; };
		B0DC99122EC159D40029AE57 /* GoogleSignIn in Frameworks */ = {isa = PBXBuildFile; productRef = B0DC99112EC159D40029AE57 /* GoogleSignIn */; };
		B0DC99142EC159D40029AE57 /* GoogleSignInSwift in Frameworks */ = {isa = PBXBuildFile; productRef = B0DC99132EC159D40029AE57 /* GoogleSignInSwift */; };
/* End PBXBuildFile section */

/* Begin PBXFileReference section */
		B0DC98992EC0FDCC0029AE57 /* FamilyHub.app */ = {isa = PBXFileReference; explicitFileType = wrapper.application; includeInIndex = 0; path = FamilyHub.app; sourceTree = BUILT_PRODUCTS_DIR; };
/* End PBXFileReference section */

/* Begin PBXFileSystemSynchronizedBuildFileExceptionSet section */
		B0DC99182EC15BC30029AE57 /* Exceptions for "FamilyHub" folder in "FamilyHub" target */ = {
			isa = PBXFileSystemSynchronizedBuildFileExceptionSet;
			membershipExceptions = (
				Info.plist,
			);
			target = B0DC98982EC0FDCC0029AE57 /* FamilyHub */;
		};
/* End PBXFileSystemSynchronizedBuildFileExceptionSet section */

/* Begin PBXFileSystemSynchronizedRootGroup section */
		B0DC989B2EC0FDCC0029AE57 /* FamilyHub */ = {
			isa = PBXFileSystemSynchronizedRootGroup;
			exceptions = (
				B0DC99182EC15BC30029AE57 /* Exceptions for "FamilyHub" folder in "FamilyHub" target */,
			);
			path = FamilyHub;
			sourceTree = "<group>";
		};
/* End PBXFileSystemSynchronizedRootGroup section */

/* Begin PBXFrameworksBuildPhase section */
		B0DC98962EC0FDCC0029AE57 /* Frameworks */ = {
			isa = PBXFrameworksBuildPhase;
			buildActionMask = 2147483647;
			files = (
				B0DC99052EC110D10029AE57 /* FirebaseAnalytics in Frameworks */,
				B0DC98AB2EC0FFCF0029AE57 /* FirebaseAILogic in Frameworks */,
				B0DC99092EC110D10029AE57 /* FirebaseAnalyticsIdentitySupport in Frameworks */,
				B0DC99122EC159D40029AE57 /* GoogleSignIn in Frameworks */,
				B0DC990F2EC110D10029AE57 /* FirebaseFunctions in Frameworks */,
				B0DC98AF2EC0FFD00029AE57 /* FirebaseFirestore in Frameworks */,
				B0DC98B12EC0FFD00029AE57 /* FirebaseMessaging in Frameworks */,
				B0DC98AD2EC0FFCF0029AE57 /* FirebaseAuth in Frameworks */,
				B0DC990B2EC110D10029AE57 /* FirebaseCore in Frameworks */,
				B0DC99142EC159D40029AE57 /* GoogleSignInSwift in Frameworks */,
				B0DC98A92EC0FFCF0029AE57 /* FirebaseAI in Frameworks */,
				B0DC990D2EC110D10029AE57 /* FirebaseDatabase in Frameworks */,
				B0DC98B32EC0FFD00029AE57 /* FirebaseStorage in Frameworks */,
				B0DC99072EC110D10029AE57 /* FirebaseAnalyticsCore in Frameworks */,
			);
			runOnlyForDeploymentPostprocessing = 0;
		};
/* End PBXFrameworksBuildPhase section */

/* Begin PBXGroup section */
		B0DC98902EC0FDCC0029AE57 = {
			isa = PBXGroup;
			children = (
				B0DC989B2EC0FDCC0029AE57 /* FamilyHub */,
				B0DC989A2EC0FDCC0029AE57 /* Products */,
			);
			sourceTree = "<group>";
		};
		B0DC989A2EC0FDCC0029AE57 /* Products */ = {
			isa = PBXGroup;
			children = (
				B0DC98992EC0FDCC0029AE57 /* FamilyHub.app */,
			);
			name = Products;
			sourceTree = "<group>";
		};
/* End PBXGroup section */

/* Begin PBXNativeTarget section */
		B0DC98982EC0FDCC0029AE57 /* FamilyHub */ = {
			isa = PBXNativeTarget;
			buildConfigurationList = B0DC98A42EC0FDCD0029AE57 /* Build configuration list for PBXNativeTarget "FamilyHub" */;
			buildPhases = (
				B0DC98952EC0FDCC0029AE57 /* Sources */,
				B0DC98962EC0FDCC0029AE57 /* Frameworks */,
				B0DC98972EC0FDCC0029AE57 /* Resources */,
			);
			buildRules = (
			);
			dependencies = (
			);
			fileSystemSynchronizedGroups = (
				B0DC989B2EC0FDCC0029AE57 /* FamilyHub */,
			);
			name = FamilyHub;
			packageProductDependencies = (
				B0DC98A82EC0FFCF0029AE57 /* FirebaseAI */,
				B0DC98AA2EC0FFCF0029AE57 /* FirebaseAILogic */,
				B0DC98AC2EC0FFCF0029AE57 /* FirebaseAuth */,
				B0DC98AE2EC0FFD00029AE57 /* FirebaseFirestore */,
				B0DC98B02EC0FFD00029AE57 /* FirebaseMessaging */,
				B0DC98B22EC0FFD00029AE57 /* FirebaseStorage */,
				B0DC99042EC110D10029AE57 /* FirebaseAnalytics */,
				B0DC99062EC110D10029AE57 /* FirebaseAnalyticsCore */,
				B0DC99082EC110D10029AE57 /* FirebaseAnalyticsIdentitySupport */,
				B0DC990A2EC110D10029AE57 /* FirebaseCore */,
				B0DC990C2EC110D10029AE57 /* FirebaseDatabase */,
				B0DC990E2EC110D10029AE57 /* FirebaseFunctions */,
				B0DC99112EC159D40029AE57 /* GoogleSignIn */,
				B0DC99132EC159D40029AE57 /* GoogleSignInSwift */,
			);
			productName = FamilyHub;
			productReference = B0DC98992EC0FDCC0029AE57 /* FamilyHub.app */;
			productType = "com.apple.product-type.application";
		};
/* End PBXNativeTarget section */

/* Begin PBXProject section */
		B0DC98912EC0FDCC0029AE57 /* Project object */ = {
			isa = PBXProject;
			attributes = {
				BuildIndependentTargetsInParallel = 1;
				LastSwiftUpdateCheck = 2610;
				LastUpgradeCheck = 2610;
				TargetAttributes = {
					B0DC98982EC0FDCC0029AE57 = {
						CreatedOnToolsVersion = 26.1;
					};
				};
			};
			buildConfigurationList = B0DC98942EC0FDCC0029AE57 /* Build configuration list for PBXProject "FamilyHub" */;
			developmentRegion = en;
			hasScannedForEncodings = 0;
			knownRegions = (
				en,
				Base,
			);
			mainGroup = B0DC98902EC0FDCC0029AE57;
			minimizedProjectReferenceProxies = 1;
			packageReferences = (
				B0DC98A72EC0FFCF0029AE57 /* XCRemoteSwiftPackageReference "firebase-ios-sdk" */,
				B0DC99102EC159D40029AE57 /* XCRemoteSwiftPackageReference "GoogleSignIn-iOS" */,
			);
			preferredProjectObjectVersion = 77;
			productRefGroup = B0DC989A2EC0FDCC0029AE57 /* Products */;
			projectDirPath = "";
			projectRoot = "";
			targets = (
				B0DC98982EC0FDCC0029AE57 /* FamilyHub */,
			);
		};
/* End PBXProject section */

/* Begin PBXResourcesBuildPhase section */
		B0DC98972EC0FDCC0029AE57 /* Resources */ = {
			isa = PBXResourcesBuildPhase;
			buildActionMask = 2147483647;
			files = (
			);
			runOnlyForDeploymentPostprocessing = 0;
		};
/* End PBXResourcesBuildPhase section */

/* Begin PBXSourcesBuildPhase section */
		B0DC98952EC0FDCC0029AE57 /* Sources */ = {
			isa = PBXSourcesBuildPhase;
			buildActionMask = 2147483647;
			files = (
			);
			runOnlyForDeploymentPostprocessing = 0;
		};
/* End PBXSourcesBuildPhase section */

/* Begin XCBuildConfiguration section */
		B0DC98A22EC0FDCD0029AE57 /* Debug */ = {
			isa = XCBuildConfiguration;
			buildSettings = {
				ALWAYS_SEARCH_USER_PATHS = NO;
				ASSETCATALOG_COMPILER_GENERATE_SWIFT_ASSET_SYMBOL_EXTENSIONS = YES;
				CLANG_ANALYZER_NONNULL = YES;
				CLANG_ANALYZER_NUMBER_OBJECT_CONVERSION = YES_AGGRESSIVE;
				CLANG_CXX_LANGUAGE_STANDARD = "gnu++20";
				CLANG_ENABLE_MODULES = YES;
				CLANG_ENABLE_OBJC_ARC = YES;
				CLANG_ENABLE_OBJC_WEAK = YES;
				CLANG_WARN_BLOCK_CAPTURE_AUTORELEASING = YES;
				CLANG_WARN_BOOL_CONVERSION = YES;
				CLANG_WARN_COMMA = YES;
				CLANG_WARN_CONSTANT_CONVERSION = YES;
				CLANG_WARN_DEPRECATED_OBJC_IMPLEMENTATIONS = YES;
				CLANG_WARN_DIRECT_OBJC_ISA_USAGE = YES_ERROR;
				CLANG_WARN_DOCUMENTATION_COMMENTS = YES;
				CLANG_WARN_EMPTY_BODY = YES;
				CLANG_WARN_ENUM_CONVERSION = YES;
				CLANG_WARN_INFINITE_RECURSION = YES;
				CLANG_WARN_INT_CONVERSION = YES;
				CLANG_WARN_NON_LITERAL_NULL_CONVERSION = YES;
				CLANG_WARN_OBJC_IMPLICIT_RETAIN_SELF = YES;
				CLANG_WARN_OBJC_LITERAL_CONVERSION = YES;
				CLANG_WARN_OBJC_ROOT_CLASS = YES_ERROR;
				CLANG_WARN_QUOTED_INCLUDE_IN_FRAMEWORK_HEADER = YES;
				CLANG_WARN_RANGE_LOOP_ANALYSIS = YES;
				CLANG_WARN_STRICT_PROTOTYPES = YES;
				CLANG_WARN_SUSPICIOUS_MOVE = YES;
				CLANG_WARN_UNGUARDED_AVAILABILITY = YES_AGGRESSIVE;
				CLANG_WARN_UNREACHABLE_CODE = YES;
				CLANG_WARN__DUPLICATE_METHOD_MATCH = YES;
				COPY_PHASE_STRIP = NO;
				DEBUG_INFORMATION_FORMAT = dwarf;
				ENABLE_STRICT_OBJC_MSGSEND = YES;
				ENABLE_TESTABILITY = YES;
				ENABLE_USER_SCRIPT_SANDBOXING = YES;
				GCC_C_LANGUAGE_STANDARD = gnu17;
				GCC_DYNAMIC_NO_PIC = NO;
				GCC_NO_COMMON_BLOCKS = YES;
				GCC_OPTIMIZATION_LEVEL = 0;
				GCC_PREPROCESSOR_DEFINITIONS = (
					"DEBUG=1",
					"$(inherited)",
				);
				GCC_WARN_64_TO_32_BIT_CONVERSION = YES;
				GCC_WARN_ABOUT_RETURN_TYPE = YES_ERROR;
				GCC_WARN_UNDECLARED_SELECTOR = YES;
				GCC_WARN_UNINITIALIZED_AUTOS = YES_AGGRESSIVE;
				GCC_WARN_UNUSED_FUNCTION = YES;
				GCC_WARN_UNUSED_VARIABLE = YES;
				IPHONEOS_DEPLOYMENT_TARGET = 17.0;
				LOCALIZATION_PREFERS_STRING_CATALOGS = YES;
				MTL_ENABLE_DEBUG_INFO = INCLUDE_SOURCE;
				MTL_FAST_MATH = YES;
				ONLY_ACTIVE_ARCH = YES;
				SDKROOT = iphoneos;
				SWIFT_ACTIVE_COMPILATION_CONDITIONS = "DEBUG $(inherited)";
				SWIFT_OPTIMIZATION_LEVEL = "-Onone";
			};
			name = Debug;
		};
		B0DC98A32EC0FDCD0029AE57 /* Release */ = {
			isa = XCBuildConfiguration;
			buildSettings = {
				ALWAYS_SEARCH_USER_PATHS = NO;
				ASSETCATALOG_COMPILER_GENERATE_SWIFT_ASSET_SYMBOL_EXTENSIONS = YES;
				CLANG_ANALYZER_NONNULL = YES;
				CLANG_ANALYZER_NUMBER_OBJECT_CONVERSION = YES_AGGRESSIVE;
				CLANG_CXX_LANGUAGE_STANDARD = "gnu++20";
				CLANG_ENABLE_MODULES = YES;
				CLANG_ENABLE_OBJC_ARC = YES;
				CLANG_ENABLE_OBJC_WEAK = YES;
				CLANG_WARN_BLOCK_CAPTURE_AUTORELEASING = YES;
				CLANG_WARN_BOOL_CONVERSION = YES;
				CLANG_WARN_COMMA = YES;
				CLANG_WARN_CONSTANT_CONVERSION = YES;
				CLANG_WARN_DEPRECATED_OBJC_IMPLEMENTATIONS = YES;
				CLANG_WARN_DIRECT_OBJC_ISA_USAGE = YES_ERROR;
				CLANG_WARN_DOCUMENTATION_COMMENTS = YES;
				CLANG_WARN_EMPTY_BODY = YES;
				CLANG_WARN_ENUM_CONVERSION = YES;
				CLANG_WARN_INFINITE_RECURSION = YES;
				CLANG_WARN_INT_CONVERSION = YES;
				CLANG_WARN_NON_LITERAL_NULL_CONVERSION = YES;
				CLANG_WARN_OBJC_IMPLICIT_RETAIN_SELF = YES;
				CLANG_WARN_OBJC_LITERAL_CONVERSION = YES;
				CLANG_WARN_OBJC_ROOT_CLASS = YES_ERROR;
				CLANG_WARN_QUOTED_INCLUDE_IN_FRAMEWORK_HEADER = YES;
				CLANG_WARN_RANGE_LOOP_ANALYSIS = YES;
				CLANG_WARN_STRICT_PROTOTYPES = YES;
				CLANG_WARN_SUSPICIOUS_MOVE = YES;
				CLANG_WARN_UNGUARDED_AVAILABILITY = YES_AGGRESSIVE;
				CLANG_WARN_UNREACHABLE_CODE = YES;
				CLANG_WARN__DUPLICATE_METHOD_MATCH = YES;
				COPY_PHASE_STRIP = NO;
				DEBUG_INFORMATION_FORMAT = "dwarf-with-dsym";
				ENABLE_NS_ASSERTIONS = NO;
				ENABLE_STRICT_OBJC_MSGSEND = YES;
				ENABLE_USER_SCRIPT_SANDBOXING = YES;
				GCC_C_LANGUAGE_STANDARD = gnu17;
				GCC_NO_COMMON_BLOCKS = YES;
				GCC_WARN_64_TO_32_BIT_CONVERSION = YES;
				GCC_WARN_ABOUT_RETURN_TYPE = YES_ERROR;
				GCC_WARN_UNDECLARED_SELECTOR = YES;
				GCC_WARN_UNINITIALIZED_AUTOS = YES_AGGRESSIVE;
				GCC_WARN_UNUSED_FUNCTION = YES;
				GCC_WARN_UNUSED_VARIABLE = YES;
				IPHONEOS_DEPLOYMENT_TARGET = 17.0;
				LOCALIZATION_PREFERS_STRING_CATALOGS = YES;
				MTL_ENABLE_DEBUG_INFO = NO;
				MTL_FAST_MATH = YES;
				SDKROOT = iphoneos;
				SWIFT_COMPILATION_MODE = wholemodule;
				VALIDATE_PRODUCT = YES;
			};
			name = Release;
		};
		B0DC98A52EC0FDCD0029AE57 /* Debug */ = {
			isa = XCBuildConfiguration;
			buildSettings = {
				ASSETCATALOG_COMPILER_APPICON_NAME = AppIcon;
				ASSETCATALOG_COMPILER_GLOBAL_ACCENT_COLOR_NAME = AccentColor;
				ASSETCATALOG_COMPILER_INCLUDE_ALL_APPICON_ASSETS = YES;
				CODE_SIGN_ENTITLEMENTS = FamilyHub/FamilyHub.entitlements;
				CODE_SIGN_STYLE = Automatic;
				CURRENT_PROJECT_VERSION = 1;
				DEVELOPMENT_TEAM = AK3UX4R84K;
				ENABLE_PREVIEWS = YES;
				GENERATE_INFOPLIST_FILE = YES;
				INFOPLIST_FILE = FamilyHub/Info.plist;
				INFOPLIST_KEY_UIApplicationSceneManifest_Generation = YES;
				INFOPLIST_KEY_UIApplicationSupportsIndirectInputEvents = YES;
				INFOPLIST_KEY_UILaunchScreen_Generation = YES;
				INFOPLIST_KEY_UISupportedInterfaceOrientations_iPad = "UIInterfaceOrientationPortrait UIInterfaceOrientationPortraitUpsideDown UIInterfaceOrientationLandscapeLeft UIInterfaceOrientationLandscapeRight";
				INFOPLIST_KEY_UISupportedInterfaceOrientations_iPhone = "UIInterfaceOrientationPortrait UIInterfaceOrientationLandscapeLeft UIInterfaceOrientationLandscapeRight";
				LD_RUNPATH_SEARCH_PATHS = (
					"$(inherited)",
					"@executable_path/Frameworks",
				);
				MARKETING_VERSION = 1.0;
				PRODUCT_BUNDLE_IDENTIFIER = com.FamilyConnection;
				PRODUCT_NAME = "$(TARGET_NAME)";
				STRING_CATALOG_GENERATE_SYMBOLS = YES;
				SWIFT_APPROACHABLE_CONCURRENCY = YES;
				SWIFT_DEFAULT_ACTOR_ISOLATION = MainActor;
				SWIFT_EMIT_LOC_STRINGS = YES;
				SWIFT_UPCOMING_FEATURE_MEMBER_IMPORT_VISIBILITY = YES;
				SWIFT_VERSION = 5.0;
				TARGETED_DEVICE_FAMILY = "1,2";
			};
			name = Debug;
		};
		B0DC98A62EC0FDCD0029AE57 /* Release */ = {
			isa = XCBuildConfiguration;
			buildSettings = {
				ASSETCATALOG_COMPILER_APPICON_NAME = AppIcon;
				ASSETCATALOG_COMPILER_GLOBAL_ACCENT_COLOR_NAME = AccentColor;
				ASSETCATALOG_COMPILER_INCLUDE_ALL_APPICON_ASSETS = YES;
				CODE_SIGN_ENTITLEMENTS = FamilyHub/FamilyHub.entitlements;
				CODE_SIGN_STYLE = Automatic;
				CURRENT_PROJECT_VERSION = 1;
				DEVELOPMENT_TEAM = AK3UX4R84K;
				ENABLE_PREVIEWS = YES;
				GENERATE_INFOPLIST_FILE = YES;
				INFOPLIST_FILE = FamilyHub/Info.plist;
				INFOPLIST_KEY_UIApplicationSceneManifest_Generation = YES;
				INFOPLIST_KEY_UIApplicationSupportsIndirectInputEvents = YES;
				INFOPLIST_KEY_UILaunchScreen_Generation = YES;
				INFOPLIST_KEY_UISupportedInterfaceOrientations_iPad = "UIInterfaceOrientationPortrait UIInterfaceOrientationPortraitUpsideDown UIInterfaceOrientationLandscapeLeft UIInterfaceOrientationLandscapeRight";
				INFOPLIST_KEY_UISupportedInterfaceOrientations_iPhone = "UIInterfaceOrientationPortrait UIInterfaceOrientationLandscapeLeft UIInterfaceOrientationLandscapeRight";
				LD_RUNPATH_SEARCH_PATHS = (
					"$(inherited)",
					"@executable_path/Frameworks",
				);
				MARKETING_VERSION = 1.0;
				PRODUCT_BUNDLE_IDENTIFIER = com.FamilyConnection;
				PRODUCT_NAME = "$(TARGET_NAME)";
				STRING_CATALOG_GENERATE_SYMBOLS = YES;
				SWIFT_APPROACHABLE_CONCURRENCY = YES;
				SWIFT_DEFAULT_ACTOR_ISOLATION = MainActor;
				SWIFT_EMIT_LOC_STRINGS = YES;
				SWIFT_UPCOMING_FEATURE_MEMBER_IMPORT_VISIBILITY = YES;
				SWIFT_VERSION = 5.0;
				TARGETED_DEVICE_FAMILY = "1,2";
			};
			name = Release;
		};
/* End XCBuildConfiguration section */

/* Begin XCConfigurationList section */
		B0DC98942EC0FDCC0029AE57 /* Build configuration list for PBXProject "FamilyHub" */ = {
			isa = XCConfigurationList;
			buildConfigurations = (
				B0DC98A22EC0FDCD0029AE57 /* Debug */,
				B0DC98A32EC0FDCD0029AE57 /* Release */,
			);
			defaultConfigurationIsVisible = 0;
			defaultConfigurationName = Release;
		};
		B0DC98A42EC0FDCD0029AE57 /* Build configuration list for PBXNativeTarget "FamilyHub" */ = {
			isa = XCConfigurationList;
			buildConfigurations = (
				B0DC98A52EC0FDCD0029AE57 /* Debug */,
				B0DC98A62EC0FDCD0029AE57 /* Release */,
			);
			defaultConfigurationIsVisible = 0;
			defaultConfigurationName = Release;
		};
/* End XCConfigurationList section */

/* Begin XCRemoteSwiftPackageReference section */
		B0DC98A72EC0FFCF0029AE57 /* XCRemoteSwiftPackageReference "firebase-ios-sdk" */ = {
			isa = XCRemoteSwiftPackageReference;
			repositoryURL = "https://github.com/firebase/firebase-ios-sdk.git";
			requirement = {
				kind = upToNextMajorVersion;
				minimumVersion = 12.5.0;
			};
		};
		B0DC99102EC159D40029AE57 /* XCRemoteSwiftPackageReference "GoogleSignIn-iOS" */ = {
			isa = XCRemoteSwiftPackageReference;
			repositoryURL = "https://github.com/google/GoogleSignIn-iOS.git";
			requirement = {
				kind = upToNextMajorVersion;
				minimumVersion = 7.0.0;
			};
		};
/* End XCRemoteSwiftPackageReference section */

/* Begin XCSwiftPackageProductDependency section */
		B0DC98A82EC0FFCF0029AE57 /* FirebaseAI */ = {
			isa = XCSwiftPackageProductDependency;
			package = B0DC98A72EC0FFCF0029AE57 /* XCRemoteSwiftPackageReference "firebase-ios-sdk" */;
			productName = FirebaseAI;
		};
		B0DC98AA2EC0FFCF0029AE57 /* FirebaseAILogic */ = {
			isa = XCSwiftPackageProductDependency;
			package = B0DC98A72EC0FFCF0029AE57 /* XCRemoteSwiftPackageReference "firebase-ios-sdk" */;
			productName = FirebaseAILogic;
		};
		B0DC98AC2EC0FFCF0029AE57 /* FirebaseAuth */ = {
			isa = XCSwiftPackageProductDependency;
			package = B0DC98A72EC0FFCF0029AE57 /* XCRemoteSwiftPackageReference "firebase-ios-sdk" */;
			productName = FirebaseAuth;
		};
		B0DC98AE2EC0FFD00029AE57 /* FirebaseFirestore */ = {
			isa = XCSwiftPackageProductDependency;
			package = B0DC98A72EC0FFCF0029AE57 /* XCRemoteSwiftPackageReference "firebase-ios-sdk" */;
			productName = FirebaseFirestore;
		};
		B0DC98B02EC0FFD00029AE57 /* FirebaseMessaging */ = {
			isa = XCSwiftPackageProductDependency;
			package = B0DC98A72EC0FFCF0029AE57 /* XCRemoteSwiftPackageReference "firebase-ios-sdk" */;
			productName = FirebaseMessaging;
		};
		B0DC98B22EC0FFD00029AE57 /* FirebaseStorage */ = {
			isa = XCSwiftPackageProductDependency;
			package = B0DC98A72EC0FFCF0029AE57 /* XCRemoteSwiftPackageReference "firebase-ios-sdk" */;
			productName = FirebaseStorage;
		};
		B0DC99042EC110D10029AE57 /* FirebaseAnalytics */ = {
			isa = XCSwiftPackageProductDependency;
			package = B0DC98A72EC0FFCF0029AE57 /* XCRemoteSwiftPackageReference "firebase-ios-sdk" */;
			productName = FirebaseAnalytics;
		};
		B0DC99062EC110D10029AE57 /* FirebaseAnalyticsCore */ = {
			isa = XCSwiftPackageProductDependency;
			package = B0DC98A72EC0FFCF0029AE57 /* XCRemoteSwiftPackageReference "firebase-ios-sdk" */;
			productName = FirebaseAnalyticsCore;
		};
		B0DC99082EC110D10029AE57 /* FirebaseAnalyticsIdentitySupport */ = {
			isa = XCSwiftPackageProductDependency;
			package = B0DC98A72EC0FFCF0029AE57 /* XCRemoteSwiftPackageReference "firebase-ios-sdk" */;
			productName = FirebaseAnalyticsIdentitySupport;
		};
		B0DC990A2EC110D10029AE57 /* FirebaseCore */ = {
			isa = XCSwiftPackageProductDependency;
			package = B0DC98A72EC0FFCF0029AE57 /* XCRemoteSwiftPackageReference "firebase-ios-sdk" */;
			productName = FirebaseCore;
		};
		B0DC990C2EC110D10029AE57 /* FirebaseDatabase */ = {
			isa = XCSwiftPackageProductDependency;
			package = B0DC98A72EC0FFCF0029AE57 /* XCRemoteSwiftPackageReference "firebase-ios-sdk" */;
			productName = FirebaseDatabase;
		};
		B0DC990E2EC110D10029AE57 /* FirebaseFunctions */ = {
			isa = XCSwiftPackageProductDependency;
			package = B0DC98A72EC0FFCF0029AE57 /* XCRemoteSwiftPackageReference "firebase-ios-sdk" */;
			productName = FirebaseFunctions;
		};
		B0DC99112EC159D40029AE57 /* GoogleSignIn */ = {
			isa = XCSwiftPackageProductDependency;
			package = B0DC99102EC159D40029AE57 /* XCRemoteSwiftPackageReference "GoogleSignIn-iOS" */;
			productName = GoogleSignIn;
		};
		B0DC99132EC159D40029AE57 /* GoogleSignInSwift */ = {
			isa = XCSwiftPackageProductDependency;
			package = B0DC99102EC159D40029AE57 /* XCRemoteSwiftPackageReference "GoogleSignIn-iOS" */;
			productName = GoogleSignInSwift;
		};
/* End XCSwiftPackageProductDependency section */
	};
	rootObject = B0DC98912EC0FDCC0029AE57 /* Project object */;
}
